
Microsoft Visual Studio Solution File, Format Version 12.00
# Visual Studio Version 16
VisualStudioVersion = 16.0.809.8
MinimumVisualStudioVersion = 10.0.40219.1
Project("{FAE04EC0-301F-11D3-BF4B-00C04F79EFBC}") = "TestSelect2", "TestSelect2\TestSelect2.csproj", "{A8BF2D33-EE17-4E32-ACBA-3F5B8C12BE34}"
EndProject
Global
	GlobalSection(SolutionConfigurationPlatforms) = preSolution
		Debug|Any CPU = Debug|Any CPU
		Release|Any CPU = Release|Any CPU
	EndGlobalSection
	GlobalSection(ProjectConfigurationPlatforms) = postSolution
		{A8BF2D33-EE17-4E32-ACBA-3F5B8C12BE34}.Debug|Any CPU.ActiveCfg = Debug|Any CPU
		{A8BF2D33-EE17-4E32-ACBA-3F5B8C12BE34}.Debug|Any CPU.Build.0 = Debug|Any CPU
		{A8BF2D33-EE17-4E32-ACBA-3F5B8C12BE34}.Release|Any CPU.ActiveCfg = Release|Any CPU
		{A8BF2D33-EE17-4E32-ACBA-3F5B8C12BE34}.Release|Any CPU.Build.0 = Release|Any CPU
	EndGlobalSection
	GlobalSection(SolutionProperties) = preSolution
		HideSolutionNode = FALSE
	EndGlobalSection
	GlobalSection(ExtensibilityGlobals) = postSolution
		SolutionGuid = {D824A77B-0127-4C93-9D70-09F411A58ADD}
	EndGlobalSection
EndGlobal
